
Microsoft Visual Studio Solution File, Format Version 12.00
# Visual Studio Version 16
VisualStudioVersion = 16.0.30804.86
MinimumVisualStudioVersion = 10.0.40219.1
Project("{FAE04EC0-301F-11D3-BF4B-00C04F79EFBC}") = "Pong", "Pong.csproj", "{FBBA81BD-2385-442C-AE3C-82F616A49A89}"
EndProject
Global
	GlobalSection(SolutionConfigurationPlatforms) = preSolution
		Debug|x86 = Debug|x86
		Release|x86 = Release|x86
	EndGlobalSection
	GlobalSection(ProjectConfigurationPlatforms) = postSolution
		{FBBA81BD-2385-442C-AE3C-82F616A49A89}.Debug|x86.ActiveCfg = Debug|x86
		{FBBA81BD-2385-442C-AE3C-82F616A49A89}.Debug|x86.Build.0 = Debug|x86
		{FBBA81BD-2385-442C-AE3C-82F616A49A89}.Release|x86.ActiveCfg = Release|x86
		{FBBA81BD-2385-442C-AE3C-82F616A49A89}.Release|x86.Build.0 = Release|x86
	EndGlobalSection
	GlobalSection(SolutionProperties) = preSolution
		HideSolutionNode = FALSE
	EndGlobalSection
	GlobalSection(ExtensibilityGlobals) = postSolution
		SolutionGuid = {A68653A5-4F94-4666-BB99-666B1EE8DAA9}
	EndGlobalSection
EndGlobal
